{
  "name": "devhack-blog",
  "version": "1.0.0",
  "lockfileVersion": 2,
  "requires": true,
  "packages": {
    "": {
      "name": "devhack-blog",
      "version": "1.0.0",
      "dependencies": {
        "express": "^4.18.2",
        "mongoose": "^7.0.0",
        "bcryptjs": "^2.4.3",
        "cors": "^2.8.5"
      }
    }
  }
}
